// !$*UTF8*$!
{
	archiveVersion = 1;
	classes = {
	};
	objectVersion = 56;
	objects = {

/* Begin PBXBuildFile section */
		4D5A67542C26A60300BB2D2D /* MealView.swift in Sources */ = {isa = PBXBuildFile; fileRef = 4D5A67532C26A60300BB2D2D /* MealView.swift */; };
		4D5A67562C26AAA700BB2D2D /* D10_education.csv in Resources */ = {isa = PBXBuildFile; fileRef = 4D5A67552C26AAA700BB2D2D /* D10_education.csv */; };
		4D5A67582C26AB5800BB2D2D /* B10_education.csv in Resources */ = {isa = PBXBuildFile; fileRef = 4D5A67572C26AB5800BB2D2D /* B10_education.csv */; };
		4D5A675A2C26AD5A00BB2D2D /* C10_education.csv in Resources */ = {isa = PBXBuildFile; fileRef = 4D5A67592C26AD5900BB2D2D /* C10_education.csv */; };
		4D5A675C2C26ADA000BB2D2D /* E10_education.csv in Resources */ = {isa = PBXBuildFile; fileRef = 4D5A675B2C26ADA000BB2D2D /* E10_education.csv */; };
		4D5A675E2C26ADDF00BB2D2D /* F10_education.csv in Resources */ = {isa = PBXBuildFile; fileRef = 4D5A675D2C26ADDF00BB2D2D /* F10_education.csv */; };
		4D5A67602C26AE4300BB2D2D /* G10_education.csv in Resources */ = {isa = PBXBuildFile; fileRef = 4D5A675F2C26AE4300BB2D2D /* G10_education.csv */; };
		4D5A67622C26AF4700BB2D2D /* H10_education.csv in Resources */ = {isa = PBXBuildFile; fileRef = 4D5A67612C26AF4700BB2D2D /* H10_education.csv */; };
		4D5A67642C26AF9E00BB2D2D /* I10_education.csv in Resources */ = {isa = PBXBuildFile; fileRef = 4D5A67632C26AF9E00BB2D2D /* I10_education.csv */; };
		4D5A67662C26B00D00BB2D2D /* J10_education.csv in Resources */ = {isa = PBXBuildFile; fileRef = 4D5A67652C26B00D00BB2D2D /* J10_education.csv */; };
		4D5A67682C26B05200BB2D2D /* K10_education.csv in Resources */ = {isa = PBXBuildFile; fileRef = 4D5A67672C26B05200BB2D2D /* K10_education.csv */; };
		4D5A676A2C26B09300BB2D2D /* M10_education.csv in Resources */ = {isa = PBXBuildFile; fileRef = 4D5A67692C26B09300BB2D2D /* M10_education.csv */; };
		4D5A676C2C26B0E700BB2D2D /* N10_education.csv in Resources */ = {isa = PBXBuildFile; fileRef = 4D5A676B2C26B0E700BB2D2D /* N10_education.csv */; };
		4D5A676E2C26B11C00BB2D2D /* P10_education.csv in Resources */ = {isa = PBXBuildFile; fileRef = 4D5A676D2C26B11C00BB2D2D /* P10_education.csv */; };
		4D5A67702C26B46F00BB2D2D /* Q10_education.csv in Resources */ = {isa = PBXBuildFile; fileRef = 4D5A676F2C26B46E00BB2D2D /* Q10_education.csv */; };
		4D5A67722C26B52200BB2D2D /* R10_education.csv in Resources */ = {isa = PBXBuildFile; fileRef = 4D5A67712C26B52200BB2D2D /* R10_education.csv */; };
		4D5A67742C26B56A00BB2D2D /* S10_education.csv in Resources */ = {isa = PBXBuildFile; fileRef = 4D5A67732C26B56A00BB2D2D /* S10_education.csv */; };
		4D5A67762C26B5FB00BB2D2D /* T10_education.csv in Resources */ = {isa = PBXBuildFile; fileRef = 4D5A67752C26B5FB00BB2D2D /* T10_education.csv */; };
		4D5A67782C26B8AF00BB2D2D /* LaunchScreen.storyboard in Resources */ = {isa = PBXBuildFile; fileRef = 4D5A67772C26B8AF00BB2D2D /* LaunchScreen.storyboard */; };
		4D81D09B2C22748200BFD3BF /* MySchoolMealAlarmApp.swift in Sources */ = {isa = PBXBuildFile; fileRef = 4D81D09A2C22748200BFD3BF /* MySchoolMealAlarmApp.swift */; };
		4D81D09F2C22748300BFD3BF /* Assets.xcassets in Resources */ = {isa = PBXBuildFile; fileRef = 4D81D09E2C22748300BFD3BF /* Assets.xcassets */; };
		4D81D0A22C22748300BFD3BF /* Preview Assets.xcassets in Resources */ = {isa = PBXBuildFile; fileRef = 4D81D0A12C22748300BFD3BF /* Preview Assets.xcassets */; };
		4D81D0AE2C22777000BFD3BF /* Alamofire in Frameworks */ = {isa = PBXBuildFile; productRef = 4D81D0AD2C22777000BFD3BF /* Alamofire */; };
		4D9A57BD2C2D0FAA00B6E41C /* Launchs.swift in Sources */ = {isa = PBXBuildFile; fileRef = 4D9A57BC2C2D0FAA00B6E41C /* Launchs.swift */; };
		4DDF2D662C2289D400B3AB56 /* ContentView.swift in Sources */ = {isa = PBXBuildFile; fileRef = 4DDF2D652C2289D400B3AB56 /* ContentView.swift */; };
		4DDF2D6A2C23AC7600B3AB56 /* MealInfo.swift in Sources */ = {isa = PBXBuildFile; fileRef = 4DDF2D692C23AC7600B3AB56 /* MealInfo.swift */; };
		4DDF2D6C2C23ACAF00B3AB56 /* MealData.swift in Sources */ = {isa = PBXBuildFile; fileRef = 4DDF2D6B2C23ACAF00B3AB56 /* MealData.swift */; };
		4DDF2D6E2C23AD3700B3AB56 /* MealInfoViewModel.swift in Sources */ = {isa = PBXBuildFile; fileRef = 4DDF2D6D2C23AD3700B3AB56 /* MealInfoViewModel.swift */; };
		4DDF2D702C23ADCB00B3AB56 /* Storage.swift in Sources */ = {isa = PBXBuildFile; fileRef = 4DDF2D6F2C23ADCB00B3AB56 /* Storage.swift */; };
		4DDF2D732C23C4C000B3AB56 /* SearchView.swift in Sources */ = {isa = PBXBuildFile; fileRef = 4DDF2D722C23C4C000B3AB56 /* SearchView.swift */; };
/* End PBXBuildFile section */

/* Begin PBXFileReference section */
		4D5A67532C26A60300BB2D2D /* MealView.swift */ = {isa = PBXFileReference; lastKnownFileType = sourcecode.swift; path = MealView.swift; sourceTree = "<group>"; };
		4D5A67552C26AAA700BB2D2D /* D10_education.csv */ = {isa = PBXFileReference; fileEncoding = 4; lastKnownFileType = text; name = D10_education.csv; path = ../../../../Downloads/D10_education.csv; sourceTree = "<group>"; };
		4D5A67572C26AB5800BB2D2D /* B10_education.csv */ = {isa = PBXFileReference; fileEncoding = 4; lastKnownFileType = text; name = B10_education.csv; path = ../../../../Downloads/B10_education.csv; sourceTree = "<group>"; };
		4D5A67592C26AD5900BB2D2D /* C10_education.csv */ = {isa = PBXFileReference; fileEncoding = 4; lastKnownFileType = text; name = C10_education.csv; path = ../../../../Downloads/C10_education.csv; sourceTree = "<group>"; };
		4D5A675B2C26ADA000BB2D2D /* E10_education.csv */ = {isa = PBXFileReference; fileEncoding = 4; lastKnownFileType = text; name = E10_education.csv; path = ../../../../Downloads/E10_education.csv; sourceTree = "<group>"; };
		4D5A675D2C26ADDF00BB2D2D /* F10_education.csv */ = {isa = PBXFileReference; fileEncoding = 4; lastKnownFileType = text; name = F10_education.csv; path = ../../../../Downloads/F10_education.csv; sourceTree = "<group>"; };
		4D5A675F2C26AE4300BB2D2D /* G10_education.csv */ = {isa = PBXFileReference; fileEncoding = 4; lastKnownFileType = text; name = G10_education.csv; path = ../../../../Downloads/G10_education.csv; sourceTree = "<group>"; };
		4D5A67612C26AF4700BB2D2D /* H10_education.csv */ = {isa = PBXFileReference; fileEncoding = 4; lastKnownFileType = text; name = H10_education.csv; path = ../../../../Downloads/H10_education.csv; sourceTree = "<group>"; };
		4D5A67632C26AF9E00BB2D2D /* I10_education.csv */ = {isa = PBXFileReference; fileEncoding = 4; lastKnownFileType = text; name = I10_education.csv; path = ../../../../Downloads/I10_education.csv; sourceTree = "<group>"; };
		4D5A67652C26B00D00BB2D2D /* J10_education.csv */ = {isa = PBXFileReference; fileEncoding = 4; lastKnownFileType = text; name = J10_education.csv; path = ../../../../Downloads/J10_education.csv; sourceTree = "<group>"; };
		4D5A67672C26B05200BB2D2D /* K10_education.csv */ = {isa = PBXFileReference; fileEncoding = 4; lastKnownFileType = text; name = K10_education.csv; path = ../../../../Downloads/K10_education.csv; sourceTree = "<group>"; };
		4D5A67692C26B09300BB2D2D /* M10_education.csv */ = {isa = PBXFileReference; fileEncoding = 4; lastKnownFileType = text; name = M10_education.csv; path = ../../../../Downloads/M10_education.csv; sourceTree = "<group>"; };
		4D5A676B2C26B0E700BB2D2D /* N10_education.csv */ = {isa = PBXFileReference; fileEncoding = 4; lastKnownFileType = text; name = N10_education.csv; path = ../../../../Downloads/N10_education.csv; sourceTree = "<group>"; };
		4D5A676D2C26B11C00BB2D2D /* P10_education.csv */ = {isa = PBXFileReference; fileEncoding = 4; lastKnownFileType = text; name = P10_education.csv; path = ../../../../Downloads/P10_education.csv; sourceTree = "<group>"; };
		4D5A676F2C26B46E00BB2D2D /* Q10_education.csv */ = {isa = PBXFileReference; fileEncoding = 4; lastKnownFileType = text; name = Q10_education.csv; path = ../../../../Downloads/Q10_education.csv; sourceTree = "<group>"; };
		4D5A67712C26B52200BB2D2D /* R10_education.csv */ = {isa = PBXFileReference; fileEncoding = 4; lastKnownFileType = text; name = R10_education.csv; path = ../../../../Downloads/R10_education.csv; sourceTree = "<group>"; };
		4D5A67732C26B56A00BB2D2D /* S10_education.csv */ = {isa = PBXFileReference; fileEncoding = 4; lastKnownFileType = text; name = S10_education.csv; path = ../../../../Downloads/S10_education.csv; sourceTree = "<group>"; };
		4D5A67752C26B5FB00BB2D2D /* T10_education.csv */ = {isa = PBXFileReference; fileEncoding = 4; lastKnownFileType = text; name = T10_education.csv; path = ../../../../Downloads/T10_education.csv; sourceTree = "<group>"; };
		4D5A67772C26B8AF00BB2D2D /* LaunchScreen.storyboard */ = {isa = PBXFileReference; lastKnownFileType = file.storyboard; path = LaunchScreen.storyboard; sourceTree = "<group>"; };
		4D81D0972C22748200BFD3BF /* MySchoolMealAlarm.app */ = {isa = PBXFileReference; explicitFileType = wrapper.application; includeInIndex = 0; path = MySchoolMealAlarm.app; sourceTree = BUILT_PRODUCTS_DIR; };
		4D81D09A2C22748200BFD3BF /* MySchoolMealAlarmApp.swift */ = {isa = PBXFileReference; lastKnownFileType = sourcecode.swift; path = MySchoolMealAlarmApp.swift; sourceTree = "<group>"; };
		4D81D09E2C22748300BFD3BF /* Assets.xcassets */ = {isa = PBXFileReference; lastKnownFileType = folder.assetcatalog; path = Assets.xcassets; sourceTree = "<group>"; };
		4D81D0A12C22748300BFD3BF /* Preview Assets.xcassets */ = {isa = PBXFileReference; lastKnownFileType = folder.assetcatalog; path = "Preview Assets.xcassets"; sourceTree = "<group>"; };
		4D9A57BC2C2D0FAA00B6E41C /* Launchs.swift */ = {isa = PBXFileReference; lastKnownFileType = sourcecode.swift; path = Launchs.swift; sourceTree = "<group>"; };
		4DDF2D652C2289D400B3AB56 /* ContentView.swift */ = {isa = PBXFileReference; lastKnownFileType = sourcecode.swift; path = ContentView.swift; sourceTree = "<group>"; };
		4DDF2D692C23AC7600B3AB56 /* MealInfo.swift */ = {isa = PBXFileReference; lastKnownFileType = sourcecode.swift; path = MealInfo.swift; sourceTree = "<group>"; };
		4DDF2D6B2C23ACAF00B3AB56 /* MealData.swift */ = {isa = PBXFileReference; lastKnownFileType = sourcecode.swift; path = MealData.swift; sourceTree = "<group>"; };
		4DDF2D6D2C23AD3700B3AB56 /* MealInfoViewModel.swift */ = {isa = PBXFileReference; lastKnownFileType = sourcecode.swift; path = MealInfoViewModel.swift; sourceTree = "<group>"; };
		4DDF2D6F2C23ADCB00B3AB56 /* Storage.swift */ = {isa = PBXFileReference; lastKnownFileType = sourcecode.swift; path = Storage.swift; sourceTree = "<group>"; };
		4DDF2D722C23C4C000B3AB56 /* SearchView.swift */ = {isa = PBXFileReference; lastKnownFileType = sourcecode.swift; path = SearchView.swift; sourceTree = "<group>"; };
/* End PBXFileReference section */

/* Begin PBXFrameworksBuildPhase section */
		4D81D0942C22748200BFD3BF /* Frameworks */ = {
			isa = PBXFrameworksBuildPhase;
			buildActionMask = 2147483647;
			files = (
				4D81D0AE2C22777000BFD3BF /* Alamofire in Frameworks */,
			);
			runOnlyForDeploymentPostprocessing = 0;
		};
/* End PBXFrameworksBuildPhase section */

/* Begin PBXGroup section */
		4D81D08E2C22748200BFD3BF = {
			isa = PBXGroup;
			children = (
				4D81D0992C22748200BFD3BF /* MySchoolMealAlarm */,
				4D81D0982C22748200BFD3BF /* Products */,
			);
			sourceTree = "<group>";
		};
		4D81D0982C22748200BFD3BF /* Products */ = {
			isa = PBXGroup;
			children = (
				4D81D0972C22748200BFD3BF /* MySchoolMealAlarm.app */,
			);
			name = Products;
			sourceTree = "<group>";
		};
		4D81D0992C22748200BFD3BF /* MySchoolMealAlarm */ = {
			isa = PBXGroup;
			children = (
				4D5A67752C26B5FB00BB2D2D /* T10_education.csv */,
				4D5A67732C26B56A00BB2D2D /* S10_education.csv */,
				4D5A67712C26B52200BB2D2D /* R10_education.csv */,
				4D5A676F2C26B46E00BB2D2D /* Q10_education.csv */,
				4D5A676D2C26B11C00BB2D2D /* P10_education.csv */,
				4D5A676B2C26B0E700BB2D2D /* N10_education.csv */,
				4D5A67692C26B09300BB2D2D /* M10_education.csv */,
				4D5A67672C26B05200BB2D2D /* K10_education.csv */,
				4D5A67652C26B00D00BB2D2D /* J10_education.csv */,
				4D5A67632C26AF9E00BB2D2D /* I10_education.csv */,
				4D5A67612C26AF4700BB2D2D /* H10_education.csv */,
				4D5A675F2C26AE4300BB2D2D /* G10_education.csv */,
				4D5A675D2C26ADDF00BB2D2D /* F10_education.csv */,
				4D5A675B2C26ADA000BB2D2D /* E10_education.csv */,
				4D5A67592C26AD5900BB2D2D /* C10_education.csv */,
				4D5A67572C26AB5800BB2D2D /* B10_education.csv */,
				4D5A67552C26AAA700BB2D2D /* D10_education.csv */,
				4D81D09A2C22748200BFD3BF /* MySchoolMealAlarmApp.swift */,
				4D9A57BC2C2D0FAA00B6E41C /* Launchs.swift */,
				4DDF2D652C2289D400B3AB56 /* ContentView.swift */,
				4DDF2D722C23C4C000B3AB56 /* SearchView.swift */,
				4D5A67532C26A60300BB2D2D /* MealView.swift */,
				4DDF2D712C23ADDA00B3AB56 /* Service */,
				4D81D09E2C22748300BFD3BF /* Assets.xcassets */,
				4D81D0A02C22748300BFD3BF /* Preview Content */,
				4D5A67772C26B8AF00BB2D2D /* LaunchScreen.storyboard */,
			);
			path = MySchoolMealAlarm;
			sourceTree = "<group>";
		};
		4D81D0A02C22748300BFD3BF /* Preview Content */ = {
			isa = PBXGroup;
			children = (
				4D81D0A12C22748300BFD3BF /* Preview Assets.xcassets */,
			);
			path = "Preview Content";
			sourceTree = "<group>";
		};
		4DDF2D712C23ADDA00B3AB56 /* Service */ = {
			isa = PBXGroup;
			children = (
				4DDF2D6F2C23ADCB00B3AB56 /* Storage.swift */,
				4DDF2D6D2C23AD3700B3AB56 /* MealInfoViewModel.swift */,
				4DDF2D6B2C23ACAF00B3AB56 /* MealData.swift */,
				4DDF2D692C23AC7600B3AB56 /* MealInfo.swift */,
			);
			path = Service;
			sourceTree = "<group>";
		};
/* End PBXGroup section */

/* Begin PBXNativeTarget section */
		4D81D0962C22748200BFD3BF /* MySchoolMealAlarm */ = {
			isa = PBXNativeTarget;
			buildConfigurationList = 4D81D0A52C22748300BFD3BF /* Build configuration list for PBXNativeTarget "MySchoolMealAlarm" */;
			buildPhases = (
				4D81D0932C22748200BFD3BF /* Sources */,
				4D81D0942C22748200BFD3BF /* Frameworks */,
				4D81D0952C22748200BFD3BF /* Resources */,
			);
			buildRules = (
			);
			dependencies = (
			);
			name = MySchoolMealAlarm;
			packageProductDependencies = (
				4D81D0AD2C22777000BFD3BF /* Alamofire */,
			);
			productName = MySchoolMealAlarm;
			productReference = 4D81D0972C22748200BFD3BF /* MySchoolMealAlarm.app */;
			productType = "com.apple.product-type.application";
		};
/* End PBXNativeTarget section */

/* Begin PBXProject section */
		4D81D08F2C22748200BFD3BF /* Project object */ = {
			isa = PBXProject;
			attributes = {
				BuildIndependentTargetsInParallel = 1;
				LastSwiftUpdateCheck = 1530;
				LastUpgradeCheck = 1530;
				TargetAttributes = {
					4D81D0962C22748200BFD3BF = {
						CreatedOnToolsVersion = 15.3;
					};
				};
			};
			buildConfigurationList = 4D81D0922C22748200BFD3BF /* Build configuration list for PBXProject "MySchoolMealAlarm" */;
			compatibilityVersion = "Xcode 14.0";
			developmentRegion = en;
			hasScannedForEncodings = 0;
			knownRegions = (
				en,
				Base,
			);
			mainGroup = 4D81D08E2C22748200BFD3BF;
			packageReferences = (
				4D81D0AC2C22777000BFD3BF /* XCRemoteSwiftPackageReference "Alamofire" */,
			);
			productRefGroup = 4D81D0982C22748200BFD3BF /* Products */;
			projectDirPath = "";
			projectRoot = "";
			targets = (
				4D81D0962C22748200BFD3BF /* MySchoolMealAlarm */,
			);
		};
/* End PBXProject section */

/* Begin PBXResourcesBuildPhase section */
		4D81D0952C22748200BFD3BF /* Resources */ = {
			isa = PBXResourcesBuildPhase;
			buildActionMask = 2147483647;
			files = (
				4D5A67662C26B00D00BB2D2D /* J10_education.csv in Resources */,
				4D5A67762C26B5FB00BB2D2D /* T10_education.csv in Resources */,
				4D5A676E2C26B11C00BB2D2D /* P10_education.csv in Resources */,
				4D5A675C2C26ADA000BB2D2D /* E10_education.csv in Resources */,
				4D5A67562C26AAA700BB2D2D /* D10_education.csv in Resources */,
				4D5A67742C26B56A00BB2D2D /* S10_education.csv in Resources */,
				4D5A675E2C26ADDF00BB2D2D /* F10_education.csv in Resources */,
				4D5A67582C26AB5800BB2D2D /* B10_education.csv in Resources */,
				4D5A676A2C26B09300BB2D2D /* M10_education.csv in Resources */,
				4D5A675A2C26AD5A00BB2D2D /* C10_education.csv in Resources */,
				4D5A67702C26B46F00BB2D2D /* Q10_education.csv in Resources */,
				4D5A67682C26B05200BB2D2D /* K10_education.csv in Resources */,
				4D81D0A22C22748300BFD3BF /* Preview Assets.xcassets in Resources */,
				4D5A67782C26B8AF00BB2D2D /* LaunchScreen.storyboard in Resources */,
				4D5A67622C26AF4700BB2D2D /* H10_education.csv in Resources */,
				4D5A67602C26AE4300BB2D2D /* G10_education.csv in Resources */,
				4D5A67642C26AF9E00BB2D2D /* I10_education.csv in Resources */,
				4D5A67722C26B52200BB2D2D /* R10_education.csv in Resources */,
				4D81D09F2C22748300BFD3BF /* Assets.xcassets in Resources */,
				4D5A676C2C26B0E700BB2D2D /* N10_education.csv in Resources */,
			);
			runOnlyForDeploymentPostprocessing = 0;
		};
/* End PBXResourcesBuildPhase section */

/* Begin PBXSourcesBuildPhase section */
		4D81D0932C22748200BFD3BF /* Sources */ = {
			isa = PBXSourcesBuildPhase;
			buildActionMask = 2147483647;
			files = (
				4D9A57BD2C2D0FAA00B6E41C /* Launchs.swift in Sources */,
				4DDF2D6A2C23AC7600B3AB56 /* MealInfo.swift in Sources */,
				4DDF2D702C23ADCB00B3AB56 /* Storage.swift in Sources */,
				4DDF2D6C2C23ACAF00B3AB56 /* MealData.swift in Sources */,
				4DDF2D662C2289D400B3AB56 /* ContentView.swift in Sources */,
				4DDF2D732C23C4C000B3AB56 /* SearchView.swift in Sources */,
				4D5A67542C26A60300BB2D2D /* MealView.swift in Sources */,
				4DDF2D6E2C23AD3700B3AB56 /* MealInfoViewModel.swift in Sources */,
				4D81D09B2C22748200BFD3BF /* MySchoolMealAlarmApp.swift in Sources */,
			);
			runOnlyForDeploymentPostprocessing = 0;
		};
/* End PBXSourcesBuildPhase section */

/* Begin XCBuildConfiguration section */
		4D81D0A32C22748300BFD3BF /* Debug */ = {
			isa = XCBuildConfiguration;
			buildSettings = {
				ALWAYS_SEARCH_USER_PATHS = NO;
				ASSETCATALOG_COMPILER_GENERATE_SWIFT_ASSET_SYMBOL_EXTENSIONS = YES;
				CLANG_ANALYZER_NONNULL = YES;
				CLANG_ANALYZER_NUMBER_OBJECT_CONVERSION = YES_AGGRESSIVE;
				CLANG_CXX_LANGUAGE_STANDARD = "gnu++20";
				CLANG_ENABLE_MODULES = YES;
				CLANG_ENABLE_OBJC_ARC = YES;
				CLANG_ENABLE_OBJC_WEAK = YES;
				CLANG_WARN_BLOCK_CAPTURE_AUTORELEASING = YES;
				CLANG_WARN_BOOL_CONVERSION = YES;
				CLANG_WARN_COMMA = YES;
				CLANG_WARN_CONSTANT_CONVERSION = YES;
				CLANG_WARN_DEPRECATED_OBJC_IMPLEMENTATIONS = YES;
				CLANG_WARN_DIRECT_OBJC_ISA_USAGE = YES_ERROR;
				CLANG_WARN_DOCUMENTATION_COMMENTS = YES;
				CLANG_WARN_EMPTY_BODY = YES;
				CLANG_WARN_ENUM_CONVERSION = YES;
				CLANG_WARN_INFINITE_RECURSION = YES;
				CLANG_WARN_INT_CONVERSION = YES;
				CLANG_WARN_NON_LITERAL_NULL_CONVERSION = YES;
				CLANG_WARN_OBJC_IMPLICIT_RETAIN_SELF = YES;
				CLANG_WARN_OBJC_LITERAL_CONVERSION = YES;
				CLANG_WARN_OBJC_ROOT_CLASS = YES_ERROR;
				CLANG_WARN_QUOTED_INCLUDE_IN_FRAMEWORK_HEADER = YES;
				CLANG_WARN_RANGE_LOOP_ANALYSIS = YES;
				CLANG_WARN_STRICT_PROTOTYPES = YES;
				CLANG_WARN_SUSPICIOUS_MOVE = YES;
				CLANG_WARN_UNGUARDED_AVAILABILITY = YES_AGGRESSIVE;
				CLANG_WARN_UNREACHABLE_CODE = YES;
				CLANG_WARN__DUPLICATE_METHOD_MATCH = YES;
				COPY_PHASE_STRIP = NO;
				DEBUG_INFORMATION_FORMAT = dwarf;
				ENABLE_STRICT_OBJC_MSGSEND = YES;
				ENABLE_TESTABILITY = YES;
				ENABLE_USER_SCRIPT_SANDBOXING = YES;
				GCC_C_LANGUAGE_STANDARD = gnu17;
				GCC_DYNAMIC_NO_PIC = NO;
				GCC_NO_COMMON_BLOCKS = YES;
				GCC_OPTIMIZATION_LEVEL = 0;
				GCC_PREPROCESSOR_DEFINITIONS = (
					"DEBUG=1",
					"$(inherited)",
				);
				GCC_WARN_64_TO_32_BIT_CONVERSION = YES;
				GCC_WARN_ABOUT_RETURN_TYPE = YES_ERROR;
				GCC_WARN_UNDECLARED_SELECTOR = YES;
				GCC_WARN_UNINITIALIZED_AUTOS = YES_AGGRESSIVE;
				GCC_WARN_UNUSED_FUNCTION = YES;
				GCC_WARN_UNUSED_VARIABLE = YES;
				IPHONEOS_DEPLOYMENT_TARGET = 17.4;
				LOCALIZATION_PREFERS_STRING_CATALOGS = YES;
				MTL_ENABLE_DEBUG_INFO = INCLUDE_SOURCE;
				MTL_FAST_MATH = YES;
				ONLY_ACTIVE_ARCH = YES;
				SDKROOT = iphoneos;
				SWIFT_ACTIVE_COMPILATION_CONDITIONS = "DEBUG $(inherited)";
				SWIFT_OPTIMIZATION_LEVEL = "-Onone";
			};
			name = Debug;
		};
		4D81D0A42C22748300BFD3BF /* Release */ = {
			isa = XCBuildConfiguration;
			buildSettings = {
				ALWAYS_SEARCH_USER_PATHS = NO;
				ASSETCATALOG_COMPILER_GENERATE_SWIFT_ASSET_SYMBOL_EXTENSIONS = YES;
				CLANG_ANALYZER_NONNULL = YES;
				CLANG_ANALYZER_NUMBER_OBJECT_CONVERSION = YES_AGGRESSIVE;
				CLANG_CXX_LANGUAGE_STANDARD = "gnu++20";
				CLANG_ENABLE_MODULES = YES;
				CLANG_ENABLE_OBJC_ARC = YES;
				CLANG_ENABLE_OBJC_WEAK = YES;
				CLANG_WARN_BLOCK_CAPTURE_AUTORELEASING = YES;
				CLANG_WARN_BOOL_CONVERSION = YES;
				CLANG_WARN_COMMA = YES;
				CLANG_WARN_CONSTANT_CONVERSION = YES;
				CLANG_WARN_DEPRECATED_OBJC_IMPLEMENTATIONS = YES;
				CLANG_WARN_DIRECT_OBJC_ISA_USAGE = YES_ERROR;
				CLANG_WARN_DOCUMENTATION_COMMENTS = YES;
				CLANG_WARN_EMPTY_BODY = YES;
				CLANG_WARN_ENUM_CONVERSION = YES;
				CLANG_WARN_INFINITE_RECURSION = YES;
				CLANG_WARN_INT_CONVERSION = YES;
				CLANG_WARN_NON_LITERAL_NULL_CONVERSION = YES;
				CLANG_WARN_OBJC_IMPLICIT_RETAIN_SELF = YES;
				CLANG_WARN_OBJC_LITERAL_CONVERSION = YES;
				CLANG_WARN_OBJC_ROOT_CLASS = YES_ERROR;
				CLANG_WARN_QUOTED_INCLUDE_IN_FRAMEWORK_HEADER = YES;
				CLANG_WARN_RANGE_LOOP_ANALYSIS = YES;
				CLANG_WARN_STRICT_PROTOTYPES = YES;
				CLANG_WARN_SUSPICIOUS_MOVE = YES;
				CLANG_WARN_UNGUARDED_AVAILABILITY = YES_AGGRESSIVE;
				CLANG_WARN_UNREACHABLE_CODE = YES;
				CLANG_WARN__DUPLICATE_METHOD_MATCH = YES;
				COPY_PHASE_STRIP = NO;
				DEBUG_INFORMATION_FORMAT = "dwarf-with-dsym";
				ENABLE_NS_ASSERTIONS = NO;
				ENABLE_STRICT_OBJC_MSGSEND = YES;
				ENABLE_USER_SCRIPT_SANDBOXING = YES;
				GCC_C_LANGUAGE_STANDARD = gnu17;
				GCC_NO_COMMON_BLOCKS = YES;
				GCC_WARN_64_TO_32_BIT_CONVERSION = YES;
				GCC_WARN_ABOUT_RETURN_TYPE = YES_ERROR;
				GCC_WARN_UNDECLARED_SELECTOR = YES;
				GCC_WARN_UNINITIALIZED_AUTOS = YES_AGGRESSIVE;
				GCC_WARN_UNUSED_FUNCTION = YES;
				GCC_WARN_UNUSED_VARIABLE = YES;
				IPHONEOS_DEPLOYMENT_TARGET = 17.4;
				LOCALIZATION_PREFERS_STRING_CATALOGS = YES;
				MTL_ENABLE_DEBUG_INFO = NO;
				MTL_FAST_MATH = YES;
				SDKROOT = iphoneos;
				SWIFT_COMPILATION_MODE = wholemodule;
				VALIDATE_PRODUCT = YES;
			};
			name = Release;
		};
		4D81D0A62C22748300BFD3BF /* Debug */ = {
			isa = XCBuildConfiguration;
			buildSettings = {
				ASSETCATALOG_COMPILER_APPICON_NAME = AppIcon;
				ASSETCATALOG_COMPILER_GLOBAL_ACCENT_COLOR_NAME = AccentColor;
				CODE_SIGN_STYLE = Automatic;
				CURRENT_PROJECT_VERSION = 1;
				DEVELOPMENT_ASSET_PATHS = "\"MySchoolMealAlarm/Preview Content\"";
				DEVELOPMENT_TEAM = ZTJ578GV68;
				ENABLE_PREVIEWS = YES;
				GENERATE_INFOPLIST_FILE = YES;
				INFOPLIST_KEY_CFBundleDisplayName = "나의 급식 알리미";
				INFOPLIST_KEY_UIApplicationSceneManifest_Generation = YES;
				INFOPLIST_KEY_UIApplicationSupportsIndirectInputEvents = YES;
				INFOPLIST_KEY_UILaunchScreen_Generation = YES;
				INFOPLIST_KEY_UILaunchStoryboardName = LaunchScreen.storyboard;
				INFOPLIST_KEY_UISupportedInterfaceOrientations_iPad = "UIInterfaceOrientationPortrait UIInterfaceOrientationPortraitUpsideDown UIInterfaceOrientationLandscapeLeft UIInterfaceOrientationLandscapeRight";
				INFOPLIST_KEY_UISupportedInterfaceOrientations_iPhone = "UIInterfaceOrientationPortrait UIInterfaceOrientationLandscapeLeft UIInterfaceOrientationLandscapeRight";
				LD_RUNPATH_SEARCH_PATHS = (
					"$(inherited)",
					"@executable_path/Frameworks",
				);
				MARKETING_VERSION = 1.1;
				PRODUCT_BUNDLE_IDENTIFIER = bibiga.MySchoolMealAlarm;
				PRODUCT_NAME = "$(TARGET_NAME)";
				SWIFT_EMIT_LOC_STRINGS = YES;
				SWIFT_VERSION = 5.0;
				TARGETED_DEVICE_FAMILY = "1,2";
			};
			name = Debug;
		};
		4D81D0A72C22748300BFD3BF /* Release */ = {
			isa = XCBuildConfiguration;
			buildSettings = {
				ASSETCATALOG_COMPILER_APPICON_NAME = AppIcon;
				ASSETCATALOG_COMPILER_GLOBAL_ACCENT_COLOR_NAME = AccentColor;
				CODE_SIGN_STYLE = Automatic;
				CURRENT_PROJECT_VERSION = 1;
				DEVELOPMENT_ASSET_PATHS = "\"MySchoolMealAlarm/Preview Content\"";
				DEVELOPMENT_TEAM = ZTJ578GV68;
				ENABLE_PREVIEWS = YES;
				GENERATE_INFOPLIST_FILE = YES;
				INFOPLIST_KEY_CFBundleDisplayName = "나의 급식 알리미";
				INFOPLIST_KEY_UIApplicationSceneManifest_Generation = YES;
				INFOPLIST_KEY_UIApplicationSupportsIndirectInputEvents = YES;
				INFOPLIST_KEY_UILaunchScreen_Generation = YES;
				INFOPLIST_KEY_UILaunchStoryboardName = LaunchScreen.storyboard;
				INFOPLIST_KEY_UISupportedInterfaceOrientations_iPad = "UIInterfaceOrientationPortrait UIInterfaceOrientationPortraitUpsideDown UIInterfaceOrientationLandscapeLeft UIInterfaceOrientationLandscapeRight";
				INFOPLIST_KEY_UISupportedInterfaceOrientations_iPhone = "UIInterfaceOrientationPortrait UIInterfaceOrientationLandscapeLeft UIInterfaceOrientationLandscapeRight";
				LD_RUNPATH_SEARCH_PATHS = (
					"$(inherited)",
					"@executable_path/Frameworks",
				);
				MARKETING_VERSION = 1.1;
				PRODUCT_BUNDLE_IDENTIFIER = bibiga.MySchoolMealAlarm;
				PRODUCT_NAME = "$(TARGET_NAME)";
				SWIFT_EMIT_LOC_STRINGS = YES;
				SWIFT_VERSION = 5.0;
				TARGETED_DEVICE_FAMILY = "1,2";
			};
			name = Release;
		};
/* End XCBuildConfiguration section */

/* Begin XCConfigurationList section */
		4D81D0922C22748200BFD3BF /* Build configuration list for PBXProject "MySchoolMealAlarm" */ = {
			isa = XCConfigurationList;
			buildConfigurations = (
				4D81D0A32C22748300BFD3BF /* Debug */,
				4D81D0A42C22748300BFD3BF /* Release */,
			);
			defaultConfigurationIsVisible = 0;
			defaultConfigurationName = Release;
		};
		4D81D0A52C22748300BFD3BF /* Build configuration list for PBXNativeTarget "MySchoolMealAlarm" */ = {
			isa = XCConfigurationList;
			buildConfigurations = (
				4D81D0A62C22748300BFD3BF /* Debug */,
				4D81D0A72C22748300BFD3BF /* Release */,
			);
			defaultConfigurationIsVisible = 0;
			defaultConfigurationName = Release;
		};
/* End XCConfigurationList section */

/* Begin XCRemoteSwiftPackageReference section */
		4D81D0AC2C22777000BFD3BF /* XCRemoteSwiftPackageReference "Alamofire" */ = {
			isa = XCRemoteSwiftPackageReference;
			repositoryURL = "https://github.com/Alamofire/Alamofire";
			requirement = {
				kind = upToNextMajorVersion;
				minimumVersion = 5.9.1;
			};
		};
/* End XCRemoteSwiftPackageReference section */

/* Begin XCSwiftPackageProductDependency section */
		4D81D0AD2C22777000BFD3BF /* Alamofire */ = {
			isa = XCSwiftPackageProductDependency;
			package = 4D81D0AC2C22777000BFD3BF /* XCRemoteSwiftPackageReference "Alamofire" */;
			productName = Alamofire;
		};
/* End XCSwiftPackageProductDependency section */
	};
	rootObject = 4D81D08F2C22748200BFD3BF /* Project object */;
}
